// !$*UTF8*$!
{
	archiveVersion = 1;
	classes = {
	};
	objectVersion = 50;
	objects = {

/* Begin PBXBuildFile section */
		6F31E94F20A40C8300DDF9F2 /* ScoreTests.swift in Sources */ = {isa = PBXBuildFile; fileRef = 6F31E94E20A40C8300DDF9F2 /* ScoreTests.swift */; };
		6F31E95120A483AE00DDF9F2 /* Game.swift in Sources */ = {isa = PBXBuildFile; fileRef = 6F31E95020A483AE00DDF9F2 /* Game.swift */; };
		6F81E03E20A3EE6B0074E841 /* ViewController.swift in Sources */ = {isa = PBXBuildFile; fileRef = 6F81E03C20A3EE6B0074E841 /* ViewController.swift */; };
		6F81E03F20A3EE6B0074E841 /* AppDelegate.swift in Sources */ = {isa = PBXBuildFile; fileRef = 6F81E03D20A3EE6B0074E841 /* AppDelegate.swift */; };
		6F81E04520A3EE720074E841 /* Assets.xcassets in Resources */ = {isa = PBXBuildFile; fileRef = 6F81E04120A3EE720074E841 /* Assets.xcassets */; };
		6F81E04620A3EE720074E841 /* LaunchScreen.storyboard in Resources */ = {isa = PBXBuildFile; fileRef = 6F81E04220A3EE720074E841 /* LaunchScreen.storyboard */; };
		6F81E04720A3EE720074E841 /* Info.plist in Resources */ = {isa = PBXBuildFile; fileRef = 6F81E04420A3EE720074E841 /* Info.plist */; };
		6F81E04C20A3EE750074E841 /* Info.plist in Resources */ = {isa = PBXBuildFile; fileRef = 6F81E04A20A3EE750074E841 /* Info.plist */; };
		6F81E04F20A3F57A0074E841 /* Die.swift in Sources */ = {isa = PBXBuildFile; fileRef = 6F81E04E20A3F57A0074E841 /* Die.swift */; };
		6F81E05120A3F5890074E841 /* Roll.swift in Sources */ = {isa = PBXBuildFile; fileRef = 6F81E05020A3F5890074E841 /* Roll.swift */; };
		6F81E05520A3F5BF0074E841 /* ScoreOptions.swift in Sources */ = {isa = PBXBuildFile; fileRef = 6F81E05420A3F5BF0074E841 /* ScoreOptions.swift */; };
		6FA35B9820AA4E6B00F1BA9E /* DieTests.swift in Sources */ = {isa = PBXBuildFile; fileRef = 6FA35B9620AA4E6600F1BA9E /* DieTests.swift */; };
		6FA35B9B20AA73EE00F1BA9E /* RollTests.swift in Sources */ = {isa = PBXBuildFile; fileRef = 6FA35B9920AA73E200F1BA9E /* RollTests.swift */; };
		6FA35B9D20AA77C400F1BA9E /* Array+Sum.swift in Sources */ = {isa = PBXBuildFile; fileRef = 6FA35B9C20AA77C400F1BA9E /* Array+Sum.swift */; };
		6FA35B9F20AA780B00F1BA9E /* Array+SumTests.swift in Sources */ = {isa = PBXBuildFile; fileRef = 6FA35B9E20AA780B00F1BA9E /* Array+SumTests.swift */; };
		6FA35BA120AA7A6000F1BA9E /* TestHelpers.swift in Sources */ = {isa = PBXBuildFile; fileRef = 6FA35BA020AA7A6000F1BA9E /* TestHelpers.swift */; };
		6FD4617620AD4042005283EF /* DiceView.swift in Sources */ = {isa = PBXBuildFile; fileRef = 6FD4617520AD4042005283EF /* DiceView.swift */; };
		6FD4617820AD510B005283EF /* DiceViewController.swift in Sources */ = {isa = PBXBuildFile; fileRef = 6FD4617720AD510B005283EF /* DiceViewController.swift */; };
		830CF47B20A412B60051E752 /* HeaderView.swift in Sources */ = {isa = PBXBuildFile; fileRef = 830CF47A20A412B60051E752 /* HeaderView.swift */; };
		830CF48120A41F300051E752 /* MainView.swift in Sources */ = {isa = PBXBuildFile; fileRef = 830CF48020A41F300051E752 /* MainView.swift */; };
/* End PBXBuildFile section */

/* Begin PBXContainerItemProxy section */
		6F81E02D20A3ED8C0074E841 /* PBXContainerItemProxy */ = {
			isa = PBXContainerItemProxy;
			containerPortal = 6F81E01020A3ED8B0074E841 /* Project object */;
			proxyType = 1;
			remoteGlobalIDString = 6F81E01720A3ED8B0074E841;
			remoteInfo = Yahtzee;
		};
/* End PBXContainerItemProxy section */

/* Begin PBXFileReference section */
		6F31E94E20A40C8300DDF9F2 /* ScoreTests.swift */ = {isa = PBXFileReference; lastKnownFileType = sourcecode.swift; path = ScoreTests.swift; sourceTree = "<group>"; };
		6F31E95020A483AE00DDF9F2 /* Game.swift */ = {isa = PBXFileReference; lastKnownFileType = sourcecode.swift; path = Game.swift; sourceTree = "<group>"; };
		6F81E01820A3ED8B0074E841 /* Yahtzee.app */ = {isa = PBXFileReference; explicitFileType = wrapper.application; includeInIndex = 0; path = Yahtzee.app; sourceTree = BUILT_PRODUCTS_DIR; };
		6F81E02C20A3ED8C0074E841 /* YahtzeeTests.xctest */ = {isa = PBXFileReference; explicitFileType = wrapper.cfbundle; includeInIndex = 0; path = YahtzeeTests.xctest; sourceTree = BUILT_PRODUCTS_DIR; };
		6F81E03C20A3EE6B0074E841 /* ViewController.swift */ = {isa = PBXFileReference; fileEncoding = 4; lastKnownFileType = sourcecode.swift; path = ViewController.swift; sourceTree = "<group>"; };
		6F81E03D20A3EE6B0074E841 /* AppDelegate.swift */ = {isa = PBXFileReference; fileEncoding = 4; lastKnownFileType = sourcecode.swift; path = AppDelegate.swift; sourceTree = "<group>"; };
		6F81E04120A3EE720074E841 /* Assets.xcassets */ = {isa = PBXFileReference; lastKnownFileType = folder.assetcatalog; path = Assets.xcassets; sourceTree = "<group>"; };
		6F81E04320A3EE720074E841 /* Base */ = {isa = PBXFileReference; lastKnownFileType = file.storyboard; name = Base; path = Base.lproj/LaunchScreen.storyboard; sourceTree = "<group>"; };
		6F81E04420A3EE720074E841 /* Info.plist */ = {isa = PBXFileReference; fileEncoding = 4; lastKnownFileType = text.plist.xml; path = Info.plist; sourceTree = "<group>"; };
		6F81E04A20A3EE750074E841 /* Info.plist */ = {isa = PBXFileReference; fileEncoding = 4; lastKnownFileType = text.plist.xml; path = Info.plist; sourceTree = "<group>"; };
		6F81E04E20A3F57A0074E841 /* Die.swift */ = {isa = PBXFileReference; lastKnownFileType = sourcecode.swift; path = Die.swift; sourceTree = "<group>"; };
		6F81E05020A3F5890074E841 /* Roll.swift */ = {isa = PBXFileReference; lastKnownFileType = sourcecode.swift; path = Roll.swift; sourceTree = "<group>"; };
		6F81E05420A3F5BF0074E841 /* ScoreOptions.swift */ = {isa = PBXFileReference; lastKnownFileType = sourcecode.swift; path = ScoreOptions.swift; sourceTree = "<group>"; };
		6FA35B9620AA4E6600F1BA9E /* DieTests.swift */ = {isa = PBXFileReference; lastKnownFileType = sourcecode.swift; path = DieTests.swift; sourceTree = "<group>"; };
		6FA35B9920AA73E200F1BA9E /* RollTests.swift */ = {isa = PBXFileReference; lastKnownFileType = sourcecode.swift; path = RollTests.swift; sourceTree = "<group>"; };
		6FA35B9C20AA77C400F1BA9E /* Array+Sum.swift */ = {isa = PBXFileReference; lastKnownFileType = sourcecode.swift; path = "Array+Sum.swift"; sourceTree = "<group>"; };
		6FA35B9E20AA780B00F1BA9E /* Array+SumTests.swift */ = {isa = PBXFileReference; lastKnownFileType = sourcecode.swift; path = "Array+SumTests.swift"; sourceTree = "<group>"; };
		6FA35BA020AA7A6000F1BA9E /* TestHelpers.swift */ = {isa = PBXFileReference; lastKnownFileType = sourcecode.swift; path = TestHelpers.swift; sourceTree = "<group>"; };
		6FA35BA220AA9A1400F1BA9E /* Notes.md */ = {isa = PBXFileReference; explicitFileType = net.daringfireball.markdown; path = Notes.md; sourceTree = "<group>"; };
		6FD4617520AD4042005283EF /* DiceView.swift */ = {isa = PBXFileReference; lastKnownFileType = sourcecode.swift; path = DiceView.swift; sourceTree = "<group>"; };
		6FD4617720AD510B005283EF /* DiceViewController.swift */ = {isa = PBXFileReference; lastKnownFileType = sourcecode.swift; path = DiceViewController.swift; sourceTree = "<group>"; };
		830CF47A20A412B60051E752 /* HeaderView.swift */ = {isa = PBXFileReference; lastKnownFileType = sourcecode.swift; path = HeaderView.swift; sourceTree = "<group>"; };
		830CF48020A41F300051E752 /* MainView.swift */ = {isa = PBXFileReference; lastKnownFileType = sourcecode.swift; path = MainView.swift; sourceTree = "<group>"; };
/* End PBXFileReference section */

/* Begin PBXFrameworksBuildPhase section */
		6F81E01520A3ED8B0074E841 /* Frameworks */ = {
			isa = PBXFrameworksBuildPhase;
			buildActionMask = 2147483647;
			files = (
			);
			runOnlyForDeploymentPostprocessing = 0;
		};
		6F81E02920A3ED8C0074E841 /* Frameworks */ = {
			isa = PBXFrameworksBuildPhase;
			buildActionMask = 2147483647;
			files = (
			);
			runOnlyForDeploymentPostprocessing = 0;
		};
/* End PBXFrameworksBuildPhase section */

/* Begin PBXGroup section */
		6F81E00F20A3ED8B0074E841 = {
			isa = PBXGroup;
			children = (
				6FA35BA220AA9A1400F1BA9E /* Notes.md */,
				6F81E04020A3EE720074E841 /* Support */,
				6F81E03B20A3EE6B0074E841 /* Sources */,
				6F81E04820A3EE750074E841 /* Tests */,
				6F81E01920A3ED8B0074E841 /* Products */,
			);
			sourceTree = "<group>";
		};
		6F81E01920A3ED8B0074E841 /* Products */ = {
			isa = PBXGroup;
			children = (
				6F81E01820A3ED8B0074E841 /* Yahtzee.app */,
				6F81E02C20A3ED8C0074E841 /* YahtzeeTests.xctest */,
			);
			name = Products;
			sourceTree = "<group>";
		};
		6F81E03B20A3EE6B0074E841 /* Sources */ = {
			isa = PBXGroup;
			children = (
				830CF47D20A4134B0051E752 /* Views */,
				6F81E03D20A3EE6B0074E841 /* AppDelegate.swift */,
				6FA35B9C20AA77C400F1BA9E /* Array+Sum.swift */,
				6F81E04E20A3F57A0074E841 /* Die.swift */,
				6F81E05020A3F5890074E841 /* Roll.swift */,
				6F81E05420A3F5BF0074E841 /* ScoreOptions.swift */,
				6F31E95020A483AE00DDF9F2 /* Game.swift */,
			);
			path = Sources;
			sourceTree = "<group>";
		};
		6F81E04020A3EE720074E841 /* Support */ = {
			isa = PBXGroup;
			children = (
				6F81E04120A3EE720074E841 /* Assets.xcassets */,
				6F81E04220A3EE720074E841 /* LaunchScreen.storyboard */,
				6F81E04420A3EE720074E841 /* Info.plist */,
			);
			path = Support;
			sourceTree = "<group>";
		};
		6F81E04820A3EE750074E841 /* Tests */ = {
			isa = PBXGroup;
			children = (
				6F81E04A20A3EE750074E841 /* Info.plist */,
				6FA35B9620AA4E6600F1BA9E /* DieTests.swift */,
				6FA35B9920AA73E200F1BA9E /* RollTests.swift */,
				6F31E94E20A40C8300DDF9F2 /* ScoreTests.swift */,
				6FA35B9E20AA780B00F1BA9E /* Array+SumTests.swift */,
				6FA35BA020AA7A6000F1BA9E /* TestHelpers.swift */,
			);
			path = Tests;
			sourceTree = "<group>";
		};
		6FD4617420AD3FEB005283EF /* Controls */ = {
			isa = PBXGroup;
			children = (
				6FD4617520AD4042005283EF /* DiceView.swift */,
			);
			path = Controls;
			sourceTree = "<group>";
		};
		830CF47D20A4134B0051E752 /* Views */ = {
			isa = PBXGroup;
			children = (
				6FD4617420AD3FEB005283EF /* Controls */,
				830CF47A20A412B60051E752 /* HeaderView.swift */,
				6F81E03C20A3EE6B0074E841 /* ViewController.swift */,
				6FD4617720AD510B005283EF /* DiceViewController.swift */,
				830CF48020A41F300051E752 /* MainView.swift */,
			);
			path = Views;
			sourceTree = "<group>";
		};
/* End PBXGroup section */

/* Begin PBXNativeTarget section */
		6F81E01720A3ED8B0074E841 /* Yahtzee */ = {
			isa = PBXNativeTarget;
			buildConfigurationList = 6F81E03520A3ED8D0074E841 /* Build configuration list for PBXNativeTarget "Yahtzee" */;
			buildPhases = (
				6F81E01420A3ED8B0074E841 /* Sources */,
				6F81E01520A3ED8B0074E841 /* Frameworks */,
				6F81E01620A3ED8B0074E841 /* Resources */,
			);
			buildRules = (
			);
			dependencies = (
			);
			name = Yahtzee;
			productName = Yahtzee;
			productReference = 6F81E01820A3ED8B0074E841 /* Yahtzee.app */;
			productType = "com.apple.product-type.application";
		};
		6F81E02B20A3ED8C0074E841 /* YahtzeeTests */ = {
			isa = PBXNativeTarget;
			buildConfigurationList = 6F81E03820A3ED8D0074E841 /* Build configuration list for PBXNativeTarget "YahtzeeTests" */;
			buildPhases = (
				6F81E02820A3ED8C0074E841 /* Sources */,
				6F81E02920A3ED8C0074E841 /* Frameworks */,
				6F81E02A20A3ED8C0074E841 /* Resources */,
			);
			buildRules = (
			);
			dependencies = (
				6F81E02E20A3ED8C0074E841 /* PBXTargetDependency */,
			);
			name = YahtzeeTests;
			productName = YahtzeeTests;
			productReference = 6F81E02C20A3ED8C0074E841 /* YahtzeeTests.xctest */;
			productType = "com.apple.product-type.bundle.unit-test";
		};
/* End PBXNativeTarget section */

/* Begin PBXProject section */
		6F81E01020A3ED8B0074E841 /* Project object */ = {
			isa = PBXProject;
			attributes = {
				LastSwiftUpdateCheck = 0930;
				LastUpgradeCheck = 0930;
				ORGANIZATIONNAME = "Clay Ellis";
				TargetAttributes = {
					6F81E01720A3ED8B0074E841 = {
						CreatedOnToolsVersion = 9.3;
					};
					6F81E02B20A3ED8C0074E841 = {
						CreatedOnToolsVersion = 9.3;
						TestTargetID = 6F81E01720A3ED8B0074E841;
					};
				};
			};
			buildConfigurationList = 6F81E01320A3ED8B0074E841 /* Build configuration list for PBXProject "Yahtzee" */;
			compatibilityVersion = "Xcode 9.3";
			developmentRegion = en;
			hasScannedForEncodings = 0;
			knownRegions = (
				en,
				Base,
			);
			mainGroup = 6F81E00F20A3ED8B0074E841;
			productRefGroup = 6F81E01920A3ED8B0074E841 /* Products */;
			projectDirPath = "";
			projectRoot = "";
			targets = (
				6F81E01720A3ED8B0074E841 /* Yahtzee */,
				6F81E02B20A3ED8C0074E841 /* YahtzeeTests */,
			);
		};
/* End PBXProject section */

/* Begin PBXResourcesBuildPhase section */
		6F81E01620A3ED8B0074E841 /* Resources */ = {
			isa = PBXResourcesBuildPhase;
			buildActionMask = 2147483647;
			files = (
				6F81E04C20A3EE750074E841 /* Info.plist in Resources */,
				6F81E04520A3EE720074E841 /* Assets.xcassets in Resources */,
				6F81E04620A3EE720074E841 /* LaunchScreen.storyboard in Resources */,
				6F81E04720A3EE720074E841 /* Info.plist in Resources */,
			);
			runOnlyForDeploymentPostprocessing = 0;
		};
		6F81E02A20A3ED8C0074E841 /* Resources */ = {
			isa = PBXResourcesBuildPhase;
			buildActionMask = 2147483647;
			files = (
			);
			runOnlyForDeploymentPostprocessing = 0;
		};
/* End PBXResourcesBuildPhase section */

/* Begin PBXSourcesBuildPhase section */
		6F81E01420A3ED8B0074E841 /* Sources */ = {
			isa = PBXSourcesBuildPhase;
			buildActionMask = 2147483647;
			files = (
				6FA35B9D20AA77C400F1BA9E /* Array+Sum.swift in Sources */,
				6FD4617620AD4042005283EF /* DiceView.swift in Sources */,
				6F81E03F20A3EE6B0074E841 /* AppDelegate.swift in Sources */,
				830CF47B20A412B60051E752 /* HeaderView.swift in Sources */,
				6F81E03E20A3EE6B0074E841 /* ViewController.swift in Sources */,
				6FD4617820AD510B005283EF /* DiceViewController.swift in Sources */,
				6F81E05120A3F5890074E841 /* Roll.swift in Sources */,
				6F81E04F20A3F57A0074E841 /* Die.swift in Sources */,
				830CF48120A41F300051E752 /* MainView.swift in Sources */,
				6F81E05520A3F5BF0074E841 /* ScoreOptions.swift in Sources */,
				6F31E95120A483AE00DDF9F2 /* Game.swift in Sources */,
			);
			runOnlyForDeploymentPostprocessing = 0;
		};
		6F81E02820A3ED8C0074E841 /* Sources */ = {
			isa = PBXSourcesBuildPhase;
			buildActionMask = 2147483647;
			files = (
				6FA35B9820AA4E6B00F1BA9E /* DieTests.swift in Sources */,
				6FA35BA120AA7A6000F1BA9E /* TestHelpers.swift in Sources */,
				6FA35B9F20AA780B00F1BA9E /* Array+SumTests.swift in Sources */,
				6FA35B9B20AA73EE00F1BA9E /* RollTests.swift in Sources */,
				6F31E94F20A40C8300DDF9F2 /* ScoreTests.swift in Sources */,
			);
			runOnlyForDeploymentPostprocessing = 0;
		};
/* End PBXSourcesBuildPhase section */

/* Begin PBXTargetDependency section */
		6F81E02E20A3ED8C0074E841 /* PBXTargetDependency */ = {
			isa = PBXTargetDependency;
			target = 6F81E01720A3ED8B0074E841 /* Yahtzee */;
			targetProxy = 6F81E02D20A3ED8C0074E841 /* PBXContainerItemProxy */;
		};
/* End PBXTargetDependency section */

/* Begin PBXVariantGroup section */
		6F81E04220A3EE720074E841 /* LaunchScreen.storyboard */ = {
			isa = PBXVariantGroup;
			children = (
				6F81E04320A3EE720074E841 /* Base */,
			);
			name = LaunchScreen.storyboard;
			sourceTree = "<group>";
		};
/* End PBXVariantGroup section */

/* Begin XCBuildConfiguration section */
		6F81E03320A3ED8D0074E841 /* Debug */ = {
			isa = XCBuildConfiguration;
			buildSettings = {
				ALWAYS_SEARCH_USER_PATHS = NO;
				CLANG_ANALYZER_NONNULL = YES;
				CLANG_ANALYZER_NUMBER_OBJECT_CONVERSION = YES_AGGRESSIVE;
				CLANG_CXX_LANGUAGE_STANDARD = "gnu++14";
				CLANG_CXX_LIBRARY = "libc++";
				CLANG_ENABLE_MODULES = YES;
				CLANG_ENABLE_OBJC_ARC = YES;
				CLANG_ENABLE_OBJC_WEAK = YES;
				CLANG_WARN_BLOCK_CAPTURE_AUTORELEASING = YES;
				CLANG_WARN_BOOL_CONVERSION = YES;
				CLANG_WARN_COMMA = YES;
				CLANG_WARN_CONSTANT_CONVERSION = YES;
				CLANG_WARN_DEPRECATED_OBJC_IMPLEMENTATIONS = YES;
				CLANG_WARN_DIRECT_OBJC_ISA_USAGE = YES_ERROR;
				CLANG_WARN_DOCUMENTATION_COMMENTS = YES;
				CLANG_WARN_EMPTY_BODY = YES;
				CLANG_WARN_ENUM_CONVERSION = YES;
				CLANG_WARN_INFINITE_RECURSION = YES;
				CLANG_WARN_INT_CONVERSION = YES;
				CLANG_WARN_NON_LITERAL_NULL_CONVERSION = YES;
				CLANG_WARN_OBJC_IMPLICIT_RETAIN_SELF = YES;
				CLANG_WARN_OBJC_LITERAL_CONVERSION = YES;
				CLANG_WARN_OBJC_ROOT_CLASS = YES_ERROR;
				CLANG_WARN_RANGE_LOOP_ANALYSIS = YES;
				CLANG_WARN_STRICT_PROTOTYPES = YES;
				CLANG_WARN_SUSPICIOUS_MOVE = YES;
				CLANG_WARN_UNGUARDED_AVAILABILITY = YES_AGGRESSIVE;
				CLANG_WARN_UNREACHABLE_CODE = YES;
				CLANG_WARN__DUPLICATE_METHOD_MATCH = YES;
				CODE_SIGN_IDENTITY = "iPhone Developer";
				COPY_PHASE_STRIP = NO;
				DEBUG_INFORMATION_FORMAT = dwarf;
				ENABLE_STRICT_OBJC_MSGSEND = YES;
				ENABLE_TESTABILITY = YES;
				GCC_C_LANGUAGE_STANDARD = gnu11;
				GCC_DYNAMIC_NO_PIC = NO;
				GCC_NO_COMMON_BLOCKS = YES;
				GCC_OPTIMIZATION_LEVEL = 0;
				GCC_PREPROCESSOR_DEFINITIONS = (
					"DEBUG=1",
					"$(inherited)",
				);
				GCC_WARN_64_TO_32_BIT_CONVERSION = YES;
				GCC_WARN_ABOUT_RETURN_TYPE = YES_ERROR;
				GCC_WARN_UNDECLARED_SELECTOR = YES;
				GCC_WARN_UNINITIALIZED_AUTOS = YES_AGGRESSIVE;
				GCC_WARN_UNUSED_FUNCTION = YES;
				GCC_WARN_UNUSED_VARIABLE = YES;
				IPHONEOS_DEPLOYMENT_TARGET = 11.3;
				MTL_ENABLE_DEBUG_INFO = YES;
				ONLY_ACTIVE_ARCH = YES;
				SDKROOT = iphoneos;
				SWIFT_ACTIVE_COMPILATION_CONDITIONS = DEBUG;
				SWIFT_OPTIMIZATION_LEVEL = "-Onone";
			};
			name = Debug;
		};
		6F81E03420A3ED8D0074E841 /* Release */ = {
			isa = XCBuildConfiguration;
			buildSettings = {
				ALWAYS_SEARCH_USER_PATHS = NO;
				CLANG_ANALYZER_NONNULL = YES;
				CLANG_ANALYZER_NUMBER_OBJECT_CONVERSION = YES_AGGRESSIVE;
				CLANG_CXX_LANGUAGE_STANDARD = "gnu++14";
				CLANG_CXX_LIBRARY = "libc++";
				CLANG_ENABLE_MODULES = YES;
				CLANG_ENABLE_OBJC_ARC = YES;
				CLANG_ENABLE_OBJC_WEAK = YES;
				CLANG_WARN_BLOCK_CAPTURE_AUTORELEASING = YES;
				CLANG_WARN_BOOL_CONVERSION = YES;
				CLANG_WARN_COMMA = YES;
				CLANG_WARN_CONSTANT_CONVERSION = YES;
				CLANG_WARN_DEPRECATED_OBJC_IMPLEMENTATIONS = YES;
				CLANG_WARN_DIRECT_OBJC_ISA_USAGE = YES_ERROR;
				CLANG_WARN_DOCUMENTATION_COMMENTS = YES;
				CLANG_WARN_EMPTY_BODY = YES;
				CLANG_WARN_ENUM_CONVERSION = YES;
				CLANG_WARN_INFINITE_RECURSION = YES;
				CLANG_WARN_INT_CONVERSION = YES;
				CLANG_WARN_NON_LITERAL_NULL_CONVERSION = YES;
				CLANG_WARN_OBJC_IMPLICIT_RETAIN_SELF = YES;
				CLANG_WARN_OBJC_LITERAL_CONVERSION = YES;
				CLANG_WARN_OBJC_ROOT_CLASS = YES_ERROR;
				CLANG_WARN_RANGE_LOOP_ANALYSIS = YES;
				CLANG_WARN_STRICT_PROTOTYPES = YES;
				CLANG_WARN_SUSPICIOUS_MOVE = YES;
				CLANG_WARN_UNGUARDED_AVAILABILITY = YES_AGGRESSIVE;
				CLANG_WARN_UNREACHABLE_CODE = YES;
				CLANG_WARN__DUPLICATE_METHOD_MATCH = YES;
				CODE_SIGN_IDENTITY = "iPhone Developer";
				COPY_PHASE_STRIP = NO;
				DEBUG_INFORMATION_FORMAT = "dwarf-with-dsym";
				ENABLE_NS_ASSERTIONS = NO;
				ENABLE_STRICT_OBJC_MSGSEND = YES;
				GCC_C_LANGUAGE_STANDARD = gnu11;
				GCC_NO_COMMON_BLOCKS = YES;
				GCC_WARN_64_TO_32_BIT_CONVERSION = YES;
				GCC_WARN_ABOUT_RETURN_TYPE = YES_ERROR;
				GCC_WARN_UNDECLARED_SELECTOR = YES;
				GCC_WARN_UNINITIALIZED_AUTOS = YES_AGGRESSIVE;
				GCC_WARN_UNUSED_FUNCTION = YES;
				GCC_WARN_UNUSED_VARIABLE = YES;
				IPHONEOS_DEPLOYMENT_TARGET = 11.3;
				MTL_ENABLE_DEBUG_INFO = NO;
				SDKROOT = iphoneos;
				SWIFT_COMPILATION_MODE = wholemodule;
				SWIFT_OPTIMIZATION_LEVEL = "-O";
				VALIDATE_PRODUCT = YES;
			};
			name = Release;
		};
		6F81E03620A3ED8D0074E841 /* Debug */ = {
			isa = XCBuildConfiguration;
			buildSettings = {
				ASSETCATALOG_COMPILER_APPICON_NAME = AppIcon;
				CODE_SIGN_STYLE = Automatic;
				DEVELOPMENT_TEAM = JJ9HT28VE7;
				INFOPLIST_FILE = "$(SRCROOT)/Support/Info.plist";
				LD_RUNPATH_SEARCH_PATHS = (
					"$(inherited)",
					"@executable_path/Frameworks",
				);
				PRODUCT_BUNDLE_IDENTIFIER = com.clayellis.Yahtzee;
				PRODUCT_NAME = "$(TARGET_NAME)";
				SWIFT_VERSION = 4.0;
				TARGETED_DEVICE_FAMILY = "1,2";
			};
			name = Debug;
		};
		6F81E03720A3ED8D0074E841 /* Release */ = {
			isa = XCBuildConfiguration;
			buildSettings = {
				ASSETCATALOG_COMPILER_APPICON_NAME = AppIcon;
				CODE_SIGN_STYLE = Automatic;
				DEVELOPMENT_TEAM = JJ9HT28VE7;
				INFOPLIST_FILE = "$(SRCROOT)/Support/Info.plist";
				LD_RUNPATH_SEARCH_PATHS = (
					"$(inherited)",
					"@executable_path/Frameworks",
				);
				PRODUCT_BUNDLE_IDENTIFIER = com.clayellis.Yahtzee;
				PRODUCT_NAME = "$(TARGET_NAME)";
				SWIFT_VERSION = 4.0;
				TARGETED_DEVICE_FAMILY = "1,2";
			};
			name = Release;
		};
		6F81E03920A3ED8D0074E841 /* Debug */ = {
			isa = XCBuildConfiguration;
			buildSettings = {
				ALWAYS_EMBED_SWIFT_STANDARD_LIBRARIES = YES;
				BUNDLE_LOADER = "$(TEST_HOST)";
				CODE_SIGN_STYLE = Automatic;
				DEVELOPMENT_TEAM = JJ9HT28VE7;
				INFOPLIST_FILE = Tests/Info.plist;
				LD_RUNPATH_SEARCH_PATHS = (
					"$(inherited)",
					"@executable_path/Frameworks",
					"@loader_path/Frameworks",
				);
				PRODUCT_BUNDLE_IDENTIFIER = com.clayellis.YahtzeeTests;
				PRODUCT_NAME = "$(TARGET_NAME)";
				SWIFT_VERSION = 4.0;
				TARGETED_DEVICE_FAMILY = "1,2";
				TEST_HOST = "$(BUILT_PRODUCTS_DIR)/Yahtzee.app/Yahtzee";
			};
			name = Debug;
		};
		6F81E03A20A3ED8D0074E841 /* Release */ = {
			isa = XCBuildConfiguration;
			buildSettings = {
				ALWAYS_EMBED_SWIFT_STANDARD_LIBRARIES = YES;
				BUNDLE_LOADER = "$(TEST_HOST)";
				CODE_SIGN_STYLE = Automatic;
				DEVELOPMENT_TEAM = JJ9HT28VE7;
				INFOPLIST_FILE = Tests/Info.plist;
				LD_RUNPATH_SEARCH_PATHS = (
					"$(inherited)",
					"@executable_path/Frameworks",
					"@loader_path/Frameworks",
				);
				PRODUCT_BUNDLE_IDENTIFIER = com.clayellis.YahtzeeTests;
				PRODUCT_NAME = "$(TARGET_NAME)";
				SWIFT_VERSION = 4.0;
				TARGETED_DEVICE_FAMILY = "1,2";
				TEST_HOST = "$(BUILT_PRODUCTS_DIR)/Yahtzee.app/Yahtzee";
			};
			name = Release;
		};
/* End XCBuildConfiguration section */

/* Begin XCConfigurationList section */
		6F81E01320A3ED8B0074E841 /* Build configuration list for PBXProject "Yahtzee" */ = {
			isa = XCConfigurationList;
			buildConfigurations = (
				6F81E03320A3ED8D0074E841 /* Debug */,
				6F81E03420A3ED8D0074E841 /* Release */,
			);
			defaultConfigurationIsVisible = 0;
			defaultConfigurationName = Release;
		};
		6F81E03520A3ED8D0074E841 /* Build configuration list for PBXNativeTarget "Yahtzee" */ = {
			isa = XCConfigurationList;
			buildConfigurations = (
				6F81E03620A3ED8D0074E841 /* Debug */,
				6F81E03720A3ED8D0074E841 /* Release */,
			);
			defaultConfigurationIsVisible = 0;
			defaultConfigurationName = Release;
		};
		6F81E03820A3ED8D0074E841 /* Build configuration list for PBXNativeTarget "YahtzeeTests" */ = {
			isa = XCConfigurationList;
			buildConfigurations = (
				6F81E03920A3ED8D0074E841 /* Debug */,
				6F81E03A20A3ED8D0074E841 /* Release */,
			);
			defaultConfigurationIsVisible = 0;
			defaultConfigurationName = Release;
		};
/* End XCConfigurationList section */
	};
	rootObject = 6F81E01020A3ED8B0074E841 /* Project object */;
}
